// !$*UTF8*$!
{
	archiveVersion = 1;
	classes = {
	};
	objectVersion = 77;
	objects = {

/* Begin PBXBuildFile section */
		471B22752D88929E0015696E /* Alamofire in Frameworks */ = {isa = PBXBuildFile; productRef = 471B22742D88929E0015696E /* Alamofire */; };
/* End PBXBuildFile section */

/* Begin PBXContainerItemProxy section */
		471B21C32D8892320015696E /* PBXContainerItemProxy */ = {
			isa = PBXContainerItemProxy;
			containerPortal = 471B21A42D8892310015696E /* Project object */;
			proxyType = 1;
			remoteGlobalIDString = 471B21AB2D8892310015696E;
			remoteInfo = FitUp;
		};
		471B21CD2D8892320015696E /* PBXContainerItemProxy */ = {
			isa = PBXContainerItemProxy;
			containerPortal = 471B21A42D8892310015696E /* Project object */;
			proxyType = 1;
			remoteGlobalIDString = 471B21AB2D8892310015696E;
			remoteInfo = FitUp;
		};
/* End PBXContainerItemProxy section */

/* Begin PBXFileReference section */
		471B21AC2D8892310015696E /* FitUp.app */ = {isa = PBXFileReference; explicitFileType = wrapper.application; includeInIndex = 0; path = FitUp.app; sourceTree = BUILT_PRODUCTS_DIR; };
		471B21C22D8892320015696E /* FitUpTests.xctest */ = {isa = PBXFileReference; explicitFileType = wrapper.cfbundle; includeInIndex = 0; path = FitUpTests.xctest; sourceTree = BUILT_PRODUCTS_DIR; };
		471B21CC2D8892320015696E /* FitUpUITests.xctest */ = {isa = PBXFileReference; explicitFileType = wrapper.cfbundle; includeInIndex = 0; path = FitUpUITests.xctest; sourceTree = BUILT_PRODUCTS_DIR; };
/* End PBXFileReference section */

/* Begin PBXFileSystemSynchronizedBuildFileExceptionSet section */
		471B21D42D8892320015696E /* Exceptions for "FitUp" folder in "FitUp" target */ = {
			isa = PBXFileSystemSynchronizedBuildFileExceptionSet;
			membershipExceptions = (
				Info.plist,
				Modules/OnBoarding/Screens/1Goal/GoalController.swift,
				Modules/OnBoarding/Screens/1Goal/GoalViewModel.swift,
				Modules/OnBoarding/Screens/3Age/AgeController.swift,
				Modules/OnBoarding/Screens/3Age/AgeModel.swift,
			);
			target = 471B21AB2D8892310015696E /* FitUp */;
		};
/* End PBXFileSystemSynchronizedBuildFileExceptionSet section */

/* Begin PBXFileSystemSynchronizedGroupBuildPhaseMembershipExceptionSet section */
		47FBF9A42D99F98B00D70C38 /* Exceptions for "FitUp" folder in "Copy Bundle Resources" phase from "FitUp" target */ = {
			isa = PBXFileSystemSynchronizedGroupBuildPhaseMembershipExceptionSet;
			buildPhase = 471B21AA2D8892310015696E /* Resources */;
			membershipExceptions = (
				Modules/OnBoarding/Screens/1Goal/GoalController.swift,
				Modules/OnBoarding/Screens/1Goal/GoalViewModel.swift,
				Modules/OnBoarding/Screens/3Age/AgeController.swift,
				Modules/OnBoarding/Screens/3Age/AgeModel.swift,
			);
		};
/* End PBXFileSystemSynchronizedGroupBuildPhaseMembershipExceptionSet section */

/* Begin PBXFileSystemSynchronizedRootGroup section */
		471B21AE2D8892310015696E /* FitUp */ = {
			isa = PBXFileSystemSynchronizedRootGroup;
			exceptions = (
				471B21D42D8892320015696E /* Exceptions for "FitUp" folder in "FitUp" target */,
				47FBF9A42D99F98B00D70C38 /* Exceptions for "FitUp" folder in "Copy Bundle Resources" phase from "FitUp" target */,
			);
			path = FitUp;
			sourceTree = "<group>";
		};
		471B21C52D8892320015696E /* FitUpTests */ = {
			isa = PBXFileSystemSynchronizedRootGroup;
			path = FitUpTests;
			sourceTree = "<group>";
		};
		471B21CF2D8892320015696E /* FitUpUITests */ = {
			isa = PBXFileSystemSynchronizedRootGroup;
			path = FitUpUITests;
			sourceTree = "<group>";
		};
/* End PBXFileSystemSynchronizedRootGroup section */

/* Begin PBXFrameworksBuildPhase section */
		471B21A92D8892310015696E /* Frameworks */ = {
			isa = PBXFrameworksBuildPhase;
			buildActionMask = 2147483647;
			files = (
				471B22752D88929E0015696E /* Alamofire in Frameworks */,
			);
			runOnlyForDeploymentPostprocessing = 0;
		};
		471B21BF2D8892320015696E /* Frameworks */ = {
			isa = PBXFrameworksBuildPhase;
			buildActionMask = 2147483647;
			files = (
			);
			runOnlyForDeploymentPostprocessing = 0;
		};
		471B21C92D8892320015696E /* Frameworks */ = {
			isa = PBXFrameworksBuildPhase;
			buildActionMask = 2147483647;
			files = (
			);
			runOnlyForDeploymentPostprocessing = 0;
		};
/* End PBXFrameworksBuildPhase section */

/* Begin PBXGroup section */
		471B21A32D8892310015696E = {
			isa = PBXGroup;
			children = (
				471B21AE2D8892310015696E /* FitUp */,
				471B21C52D8892320015696E /* FitUpTests */,
				471B21CF2D8892320015696E /* FitUpUITests */,
				471B21AD2D8892310015696E /* Products */,
			);
			sourceTree = "<group>";
		};
		471B21AD2D8892310015696E /* Products */ = {
			isa = PBXGroup;
			children = (
				471B21AC2D8892310015696E /* FitUp.app */,
				471B21C22D8892320015696E /* FitUpTests.xctest */,
				471B21CC2D8892320015696E /* FitUpUITests.xctest */,
			);
			name = Products;
			sourceTree = "<group>";
		};
/* End PBXGroup section */

/* Begin PBXNativeTarget section */
		471B21AB2D8892310015696E /* FitUp */ = {
			isa = PBXNativeTarget;
			buildConfigurationList = 471B21D52D8892320015696E /* Build configuration list for PBXNativeTarget "FitUp" */;
			buildPhases = (
				471B21A82D8892310015696E /* Sources */,
				471B21A92D8892310015696E /* Frameworks */,
				471B21AA2D8892310015696E /* Resources */,
			);
			buildRules = (
			);
			dependencies = (
			);
			fileSystemSynchronizedGroups = (
				471B21AE2D8892310015696E /* FitUp */,
			);
			name = FitUp;
			packageProductDependencies = (
				471B22742D88929E0015696E /* Alamofire */,
			);
			productName = FitUp;
			productReference = 471B21AC2D8892310015696E /* FitUp.app */;
			productType = "com.apple.product-type.application";
		};
		471B21C12D8892320015696E /* FitUpTests */ = {
			isa = PBXNativeTarget;
			buildConfigurationList = 471B21DA2D8892320015696E /* Build configuration list for PBXNativeTarget "FitUpTests" */;
			buildPhases = (
				471B21BE2D8892320015696E /* Sources */,
				471B21BF2D8892320015696E /* Frameworks */,
				471B21C02D8892320015696E /* Resources */,
			);
			buildRules = (
			);
			dependencies = (
				471B21C42D8892320015696E /* PBXTargetDependency */,
			);
			fileSystemSynchronizedGroups = (
				471B21C52D8892320015696E /* FitUpTests */,
			);
			name = FitUpTests;
			packageProductDependencies = (
			);
			productName = FitUpTests;
			productReference = 471B21C22D8892320015696E /* FitUpTests.xctest */;
			productType = "com.apple.product-type.bundle.unit-test";
		};
		471B21CB2D8892320015696E /* FitUpUITests */ = {
			isa = PBXNativeTarget;
			buildConfigurationList = 471B21DD2D8892320015696E /* Build configuration list for PBXNativeTarget "FitUpUITests" */;
			buildPhases = (
				471B21C82D8892320015696E /* Sources */,
				471B21C92D8892320015696E /* Frameworks */,
				471B21CA2D8892320015696E /* Resources */,
			);
			buildRules = (
			);
			dependencies = (
				471B21CE2D8892320015696E /* PBXTargetDependency */,
			);
			fileSystemSynchronizedGroups = (
				471B21CF2D8892320015696E /* FitUpUITests */,
			);
			name = FitUpUITests;
			packageProductDependencies = (
			);
			productName = FitUpUITests;
			productReference = 471B21CC2D8892320015696E /* FitUpUITests.xctest */;
			productType = "com.apple.product-type.bundle.ui-testing";
		};
/* End PBXNativeTarget section */

/* Begin PBXProject section */
		471B21A42D8892310015696E /* Project object */ = {
			isa = PBXProject;
			attributes = {
				BuildIndependentTargetsInParallel = 1;
				LastSwiftUpdateCheck = 1620;
				LastUpgradeCheck = 1620;
				TargetAttributes = {
					471B21AB2D8892310015696E = {
						CreatedOnToolsVersion = 16.2;
					};
					471B21C12D8892320015696E = {
						CreatedOnToolsVersion = 16.2;
						TestTargetID = 471B21AB2D8892310015696E;
					};
					471B21CB2D8892320015696E = {
						CreatedOnToolsVersion = 16.2;
						TestTargetID = 471B21AB2D8892310015696E;
					};
				};
			};
			buildConfigurationList = 471B21A72D8892310015696E /* Build configuration list for PBXProject "FitUp" */;
			developmentRegion = en;
			hasScannedForEncodings = 0;
			knownRegions = (
				en,
				Base,
			);
			mainGroup = 471B21A32D8892310015696E;
			minimizedProjectReferenceProxies = 1;
			packageReferences = (
				471B22732D88929E0015696E /* XCRemoteSwiftPackageReference "Alamofire" */,
			);
			preferredProjectObjectVersion = 77;
			productRefGroup = 471B21AD2D8892310015696E /* Products */;
			projectDirPath = "";
			projectRoot = "";
			targets = (
				471B21AB2D8892310015696E /* FitUp */,
				471B21C12D8892320015696E /* FitUpTests */,
				471B21CB2D8892320015696E /* FitUpUITests */,
			);
		};
/* End PBXProject section */

/* Begin PBXResourcesBuildPhase section */
		471B21AA2D8892310015696E /* Resources */ = {
			isa = PBXResourcesBuildPhase;
			buildActionMask = 2147483647;
			files = (
			);
			runOnlyForDeploymentPostprocessing = 0;
		};
		471B21C02D8892320015696E /* Resources */ = {
			isa = PBXResourcesBuildPhase;
			buildActionMask = 2147483647;
			files = (
			);
			runOnlyForDeploymentPostprocessing = 0;
		};
		471B21CA2D8892320015696E /* Resources */ = {
			isa = PBXResourcesBuildPhase;
			buildActionMask = 2147483647;
			files = (
			);
			runOnlyForDeploymentPostprocessing = 0;
		};
/* End PBXResourcesBuildPhase section */

/* Begin PBXSourcesBuildPhase section */
		471B21A82D8892310015696E /* Sources */ = {
			isa = PBXSourcesBuildPhase;
			buildActionMask = 2147483647;
			files = (
			);
			runOnlyForDeploymentPostprocessing = 0;
		};
		471B21BE2D8892320015696E /* Sources */ = {
			isa = PBXSourcesBuildPhase;
			buildActionMask = 2147483647;
			files = (
			);
			runOnlyForDeploymentPostprocessing = 0;
		};
		471B21C82D8892320015696E /* Sources */ = {
			isa = PBXSourcesBuildPhase;
			buildActionMask = 2147483647;
			files = (
			);
			runOnlyForDeploymentPostprocessing = 0;
		};
/* End PBXSourcesBuildPhase section */

/* Begin PBXTargetDependency section */
		471B21C42D8892320015696E /* PBXTargetDependency */ = {
			isa = PBXTargetDependency;
			target = 471B21AB2D8892310015696E /* FitUp */;
			targetProxy = 471B21C32D8892320015696E /* PBXContainerItemProxy */;
		};
		471B21CE2D8892320015696E /* PBXTargetDependency */ = {
			isa = PBXTargetDependency;
			target = 471B21AB2D8892310015696E /* FitUp */;
			targetProxy = 471B21CD2D8892320015696E /* PBXContainerItemProxy */;
		};
/* End PBXTargetDependency section */

/* Begin XCBuildConfiguration section */
		471B21D62D8892320015696E /* Debug */ = {
			isa = XCBuildConfiguration;
			buildSettings = {
				ASSETCATALOG_COMPILER_APPICON_NAME = "App Icon";
				ASSETCATALOG_COMPILER_GLOBAL_ACCENT_COLOR_NAME = AccentColor;
				CODE_SIGN_STYLE = Automatic;
				CURRENT_PROJECT_VERSION = 1;
				DEVELOPMENT_TEAM = B7HSWSQ8L7;
				GENERATE_INFOPLIST_FILE = YES;
				INFOPLIST_FILE = FitUp/Info.plist;
				INFOPLIST_KEY_UIApplicationSupportsIndirectInputEvents = YES;
				INFOPLIST_KEY_UILaunchStoryboardName = LaunchScreen;
				INFOPLIST_KEY_UIMainStoryboardFile = Main;
				INFOPLIST_KEY_UISupportedInterfaceOrientations_iPad = "UIInterfaceOrientationPortrait UIInterfaceOrientationPortraitUpsideDown UIInterfaceOrientationLandscapeLeft UIInterfaceOrientationLandscapeRight";
				INFOPLIST_KEY_UISupportedInterfaceOrientations_iPhone = "UIInterfaceOrientationPortrait UIInterfaceOrientationLandscapeLeft UIInterfaceOrientationLandscapeRight";
				IPHONEOS_DEPLOYMENT_TARGET = 17.6;
				LD_RUNPATH_SEARCH_PATHS = (
					"$(inherited)",
					"@executable_path/Frameworks",
				);
				MARKETING_VERSION = 1.0;
				PRODUCT_BUNDLE_IDENTIFIER = Alma.FitUp;
				PRODUCT_NAME = "$(TARGET_NAME)";
				SWIFT_EMIT_LOC_STRINGS = YES;
				SWIFT_VERSION = 5.0;
				TARGETED_DEVICE_FAMILY = "1,2";
			};
			name = Debug;
		};
		471B21D72D8892320015696E /* Release */ = {
			isa = XCBuildConfiguration;
			buildSettings = {
				ASSETCATALOG_COMPILER_APPICON_NAME = "App Icon";
				ASSETCATALOG_COMPILER_GLOBAL_ACCENT_COLOR_NAME = AccentColor;
				CODE_SIGN_STYLE = Automatic;
				CURRENT_PROJECT_VERSION = 1;
				DEVELOPMENT_TEAM = B7HSWSQ8L7;
				GENERATE_INFOPLIST_FILE = YES;
				INFOPLIST_FILE = FitUp/Info.plist;
				INFOPLIST_KEY_UIApplicationSupportsIndirectInputEvents = YES;
				INFOPLIST_KEY_UILaunchStoryboardName = LaunchScreen;
				INFOPLIST_KEY_UIMainStoryboardFile = Main;
				INFOPLIST_KEY_UISupportedInterfaceOrientations_iPad = "UIInterfaceOrientationPortrait UIInterfaceOrientationPortraitUpsideDown UIInterfaceOrientationLandscapeLeft UIInterfaceOrientationLandscapeRight";
				INFOPLIST_KEY_UISupportedInterfaceOrientations_iPhone = "UIInterfaceOrientationPortrait UIInterfaceOrientationLandscapeLeft UIInterfaceOrientationLandscapeRight";
				IPHONEOS_DEPLOYMENT_TARGET = 17.6;
				LD_RUNPATH_SEARCH_PATHS = (
					"$(inherited)",
					"@executable_path/Frameworks",
				);
				MARKETING_VERSION = 1.0;
				PRODUCT_BUNDLE_IDENTIFIER = Alma.FitUp;
				PRODUCT_NAME = "$(TARGET_NAME)";
				SWIFT_EMIT_LOC_STRINGS = YES;
				SWIFT_VERSION = 5.0;
				TARGETED_DEVICE_FAMILY = "1,2";
			};
			name = Release;
		};
		471B21D82D8892320015696E /* Debug */ = {
			isa = XCBuildConfiguration;
			buildSettings = {
				ALWAYS_SEARCH_USER_PATHS = NO;
				ASSETCATALOG_COMPILER_GENERATE_SWIFT_ASSET_SYMBOL_EXTENSIONS = YES;
				CLANG_ANALYZER_NONNULL = YES;
				CLANG_ANALYZER_NUMBER_OBJECT_CONVERSION = YES_AGGRESSIVE;
				CLANG_CXX_LANGUAGE_STANDARD = "gnu++20";
				CLANG_ENABLE_MODULES = YES;
				CLANG_ENABLE_OBJC_ARC = YES;
				CLANG_ENABLE_OBJC_WEAK = YES;
				CLANG_WARN_BLOCK_CAPTURE_AUTORELEASING = YES;
				CLANG_WARN_BOOL_CONVERSION = YES;
				CLANG_WARN_COMMA = YES;
				CLANG_WARN_CONSTANT_CONVERSION = YES;
				CLANG_WARN_DEPRECATED_OBJC_IMPLEMENTATIONS = YES;
				CLANG_WARN_DIRECT_OBJC_ISA_USAGE = YES_ERROR;
				CLANG_WARN_DOCUMENTATION_COMMENTS = YES;
				CLANG_WARN_EMPTY_BODY = YES;
				CLANG_WARN_ENUM_CONVERSION = YES;
				CLANG_WARN_INFINITE_RECURSION = YES;
				CLANG_WARN_INT_CONVERSION = YES;
				CLANG_WARN_NON_LITERAL_NULL_CONVERSION = YES;
				CLANG_WARN_OBJC_IMPLICIT_RETAIN_SELF = YES;
				CLANG_WARN_OBJC_LITERAL_CONVERSION = YES;
				CLANG_WARN_OBJC_ROOT_CLASS = YES_ERROR;
				CLANG_WARN_QUOTED_INCLUDE_IN_FRAMEWORK_HEADER = YES;
				CLANG_WARN_RANGE_LOOP_ANALYSIS = YES;
				CLANG_WARN_STRICT_PROTOTYPES = YES;
				CLANG_WARN_SUSPICIOUS_MOVE = YES;
				CLANG_WARN_UNGUARDED_AVAILABILITY = YES_AGGRESSIVE;
				CLANG_WARN_UNREACHABLE_CODE = YES;
				CLANG_WARN__DUPLICATE_METHOD_MATCH = YES;
				COPY_PHASE_STRIP = NO;
				DEBUG_INFORMATION_FORMAT = dwarf;
				ENABLE_STRICT_OBJC_MSGSEND = YES;
				ENABLE_TESTABILITY = YES;
				ENABLE_USER_SCRIPT_SANDBOXING = YES;
				GCC_C_LANGUAGE_STANDARD = gnu17;
				GCC_DYNAMIC_NO_PIC = NO;
				GCC_NO_COMMON_BLOCKS = YES;
				GCC_OPTIMIZATION_LEVEL = 0;
				GCC_PREPROCESSOR_DEFINITIONS = (
					"DEBUG=1",
					"$(inherited)",
				);
				GCC_WARN_64_TO_32_BIT_CONVERSION = YES;
				GCC_WARN_ABOUT_RETURN_TYPE = YES_ERROR;
				GCC_WARN_UNDECLARED_SELECTOR = YES;
				GCC_WARN_UNINITIALIZED_AUTOS = YES_AGGRESSIVE;
				GCC_WARN_UNUSED_FUNCTION = YES;
				GCC_WARN_UNUSED_VARIABLE = YES;
				INFOPLIST_KEY_UIUserInterfaceStyle = Light;
				IPHONEOS_DEPLOYMENT_TARGET = 18.2;
				LOCALIZATION_PREFERS_STRING_CATALOGS = YES;
				MTL_ENABLE_DEBUG_INFO = INCLUDE_SOURCE;
				MTL_FAST_MATH = YES;
				ONLY_ACTIVE_ARCH = YES;
				SDKROOT = iphoneos;
				SWIFT_ACTIVE_COMPILATION_CONDITIONS = "DEBUG $(inherited)";
				SWIFT_OPTIMIZATION_LEVEL = "-Onone";
			};
			name = Debug;
		};
		471B21D92D8892320015696E /* Release */ = {
			isa = XCBuildConfiguration;
			buildSettings = {
				ALWAYS_SEARCH_USER_PATHS = NO;
				ASSETCATALOG_COMPILER_GENERATE_SWIFT_ASSET_SYMBOL_EXTENSIONS = YES;
				CLANG_ANALYZER_NONNULL = YES;
				CLANG_ANALYZER_NUMBER_OBJECT_CONVERSION = YES_AGGRESSIVE;
				CLANG_CXX_LANGUAGE_STANDARD = "gnu++20";
				CLANG_ENABLE_MODULES = YES;
				CLANG_ENABLE_OBJC_ARC = YES;
				CLANG_ENABLE_OBJC_WEAK = YES;
				CLANG_WARN_BLOCK_CAPTURE_AUTORELEASING = YES;
				CLANG_WARN_BOOL_CONVERSION = YES;
				CLANG_WARN_COMMA = YES;
				CLANG_WARN_CONSTANT_CONVERSION = YES;
				CLANG_WARN_DEPRECATED_OBJC_IMPLEMENTATIONS = YES;
				CLANG_WARN_DIRECT_OBJC_ISA_USAGE = YES_ERROR;
				CLANG_WARN_DOCUMENTATION_COMMENTS = YES;
				CLANG_WARN_EMPTY_BODY = YES;
				CLANG_WARN_ENUM_CONVERSION = YES;
				CLANG_WARN_INFINITE_RECURSION = YES;
				CLANG_WARN_INT_CONVERSION = YES;
				CLANG_WARN_NON_LITERAL_NULL_CONVERSION = YES;
				CLANG_WARN_OBJC_IMPLICIT_RETAIN_SELF = YES;
				CLANG_WARN_OBJC_LITERAL_CONVERSION = YES;
				CLANG_WARN_OBJC_ROOT_CLASS = YES_ERROR;
				CLANG_WARN_QUOTED_INCLUDE_IN_FRAMEWORK_HEADER = YES;
				CLANG_WARN_RANGE_LOOP_ANALYSIS = YES;
				CLANG_WARN_STRICT_PROTOTYPES = YES;
				CLANG_WARN_SUSPICIOUS_MOVE = YES;
				CLANG_WARN_UNGUARDED_AVAILABILITY = YES_AGGRESSIVE;
				CLANG_WARN_UNREACHABLE_CODE = YES;
				CLANG_WARN__DUPLICATE_METHOD_MATCH = YES;
				COPY_PHASE_STRIP = NO;
				DEBUG_INFORMATION_FORMAT = "dwarf-with-dsym";
				ENABLE_NS_ASSERTIONS = NO;
				ENABLE_STRICT_OBJC_MSGSEND = YES;
				ENABLE_USER_SCRIPT_SANDBOXING = YES;
				GCC_C_LANGUAGE_STANDARD = gnu17;
				GCC_NO_COMMON_BLOCKS = YES;
				GCC_WARN_64_TO_32_BIT_CONVERSION = YES;
				GCC_WARN_ABOUT_RETURN_TYPE = YES_ERROR;
				GCC_WARN_UNDECLARED_SELECTOR = YES;
				GCC_WARN_UNINITIALIZED_AUTOS = YES_AGGRESSIVE;
				GCC_WARN_UNUSED_FUNCTION = YES;
				GCC_WARN_UNUSED_VARIABLE = YES;
				INFOPLIST_KEY_UIUserInterfaceStyle = Light;
				IPHONEOS_DEPLOYMENT_TARGET = 18.2;
				LOCALIZATION_PREFERS_STRING_CATALOGS = YES;
				MTL_ENABLE_DEBUG_INFO = NO;
				MTL_FAST_MATH = YES;
				SDKROOT = iphoneos;
				SWIFT_COMPILATION_MODE = wholemodule;
				VALIDATE_PRODUCT = YES;
			};
			name = Release;
		};
		471B21DB2D8892320015696E /* Debug */ = {
			isa = XCBuildConfiguration;
			buildSettings = {
				BUNDLE_LOADER = "$(TEST_HOST)";
				CODE_SIGN_STYLE = Automatic;
				CURRENT_PROJECT_VERSION = 1;
				DEVELOPMENT_TEAM = B7HSWSQ8L7;
				GENERATE_INFOPLIST_FILE = YES;
				IPHONEOS_DEPLOYMENT_TARGET = 18.2;
				MARKETING_VERSION = 1.0;
				PRODUCT_BUNDLE_IDENTIFIER = Alma.FitUpTests;
				PRODUCT_NAME = "$(TARGET_NAME)";
				SWIFT_EMIT_LOC_STRINGS = NO;
				SWIFT_VERSION = 5.0;
				TARGETED_DEVICE_FAMILY = "1,2";
				TEST_HOST = "$(BUILT_PRODUCTS_DIR)/FitUp.app/$(BUNDLE_EXECUTABLE_FOLDER_PATH)/FitUp";
			};
			name = Debug;
		};
		471B21DC2D8892320015696E /* Release */ = {
			isa = XCBuildConfiguration;
			buildSettings = {
				BUNDLE_LOADER = "$(TEST_HOST)";
				CODE_SIGN_STYLE = Automatic;
				CURRENT_PROJECT_VERSION = 1;
				DEVELOPMENT_TEAM = B7HSWSQ8L7;
				GENERATE_INFOPLIST_FILE = YES;
				IPHONEOS_DEPLOYMENT_TARGET = 18.2;
				MARKETING_VERSION = 1.0;
				PRODUCT_BUNDLE_IDENTIFIER = Alma.FitUpTests;
				PRODUCT_NAME = "$(TARGET_NAME)";
				SWIFT_EMIT_LOC_STRINGS = NO;
				SWIFT_VERSION = 5.0;
				TARGETED_DEVICE_FAMILY = "1,2";
				TEST_HOST = "$(BUILT_PRODUCTS_DIR)/FitUp.app/$(BUNDLE_EXECUTABLE_FOLDER_PATH)/FitUp";
			};
			name = Release;
		};
		471B21DE2D8892320015696E /* Debug */ = {
			isa = XCBuildConfiguration;
			buildSettings = {
				CODE_SIGN_STYLE = Automatic;
				CURRENT_PROJECT_VERSION = 1;
				DEVELOPMENT_TEAM = B7HSWSQ8L7;
				GENERATE_INFOPLIST_FILE = YES;
				MARKETING_VERSION = 1.0;
				PRODUCT_BUNDLE_IDENTIFIER = Alma.FitUpUITests;
				PRODUCT_NAME = "$(TARGET_NAME)";
				SWIFT_EMIT_LOC_STRINGS = NO;
				SWIFT_VERSION = 5.0;
				TARGETED_DEVICE_FAMILY = "1,2";
				TEST_TARGET_NAME = FitUp;
			};
			name = Debug;
		};
		471B21DF2D8892320015696E /* Release */ = {
			isa = XCBuildConfiguration;
			buildSettings = {
				CODE_SIGN_STYLE = Automatic;
				CURRENT_PROJECT_VERSION = 1;
				DEVELOPMENT_TEAM = B7HSWSQ8L7;
				GENERATE_INFOPLIST_FILE = YES;
				MARKETING_VERSION = 1.0;
				PRODUCT_BUNDLE_IDENTIFIER = Alma.FitUpUITests;
				PRODUCT_NAME = "$(TARGET_NAME)";
				SWIFT_EMIT_LOC_STRINGS = NO;
				SWIFT_VERSION = 5.0;
				TARGETED_DEVICE_FAMILY = "1,2";
				TEST_TARGET_NAME = FitUp;
			};
			name = Release;
		};
/* End XCBuildConfiguration section */

/* Begin XCConfigurationList section */
		471B21A72D8892310015696E /* Build configuration list for PBXProject "FitUp" */ = {
			isa = XCConfigurationList;
			buildConfigurations = (
				471B21D82D8892320015696E /* Debug */,
				471B21D92D8892320015696E /* Release */,
			);
			defaultConfigurationIsVisible = 0;
			defaultConfigurationName = Release;
		};
		471B21D52D8892320015696E /* Build configuration list for PBXNativeTarget "FitUp" */ = {
			isa = XCConfigurationList;
			buildConfigurations = (
				471B21D62D8892320015696E /* Debug */,
				471B21D72D8892320015696E /* Release */,
			);
			defaultConfigurationIsVisible = 0;
			defaultConfigurationName = Release;
		};
		471B21DA2D8892320015696E /* Build configuration list for PBXNativeTarget "FitUpTests" */ = {
			isa = XCConfigurationList;
			buildConfigurations = (
				471B21DB2D8892320015696E /* Debug */,
				471B21DC2D8892320015696E /* Release */,
			);
			defaultConfigurationIsVisible = 0;
			defaultConfigurationName = Release;
		};
		471B21DD2D8892320015696E /* Build configuration list for PBXNativeTarget "FitUpUITests" */ = {
			isa = XCConfigurationList;
			buildConfigurations = (
				471B21DE2D8892320015696E /* Debug */,
				471B21DF2D8892320015696E /* Release */,
			);
			defaultConfigurationIsVisible = 0;
			defaultConfigurationName = Release;
		};
/* End XCConfigurationList section */

/* Begin XCRemoteSwiftPackageReference section */
		471B22732D88929E0015696E /* XCRemoteSwiftPackageReference "Alamofire" */ = {
			isa = XCRemoteSwiftPackageReference;
			repositoryURL = "https://github.com/Alamofire/Alamofire.git";
			requirement = {
				kind = upToNextMajorVersion;
				minimumVersion = 5.10.2;
			};
		};
/* End XCRemoteSwiftPackageReference section */

/* Begin XCSwiftPackageProductDependency section */
		471B22742D88929E0015696E /* Alamofire */ = {
			isa = XCSwiftPackageProductDependency;
			package = 471B22732D88929E0015696E /* XCRemoteSwiftPackageReference "Alamofire" */;
			productName = Alamofire;
		};
/* End XCSwiftPackageProductDependency section */
	};
	rootObject = 471B21A42D8892310015696E /* Project object */;
}
